PODS:
  - AFNetworking (4.0.1):
    - AFNetworking/NSURLSession (= 4.0.1)
    - AFNetworking/Reachability (= 4.0.1)
    - AFNetworking/Security (= 4.0.1)
    - AFNetworking/Serialization (= 4.0.1)
    - AFNetworking/UIKit (= 4.0.1)
  - AFNetworking/NSURLSession (4.0.1):
    - AFNetworking/Reachability
    - AFNetworking/Security
    - AFNetworking/Serialization
  - AFNetworking/Reachability (4.0.1)
  - AFNetworking/Security (4.0.1)
  - AFNetworking/Serialization (4.0.1)
  - AFNetworking/UIKit (4.0.1):
    - AFNetworking/NSURLSession
  - AppAuth (1.6.2):
    - AppAuth/Core (= 1.6.2)
    - AppAuth/ExternalUserAgent (= 1.6.2)
  - AppAuth/Core (1.6.2)
  - AppAuth/ExternalUserAgent (1.6.2):
    - AppAuth/Core
  - FBAEMKit (16.1.3):
    - FBSDKCoreKit_Basics (= 16.1.3)
  - FBSDKCoreKit (16.1.3):
    - FBAEMKit (= 16.1.3)
    - FBSDKCoreKit_Basics (= 16.1.3)
  - FBSDKCoreKit_Basics (16.1.3)
  - FBSDKLoginKit (16.1.3):
    - FBSDKCoreKit (= 16.1.3)
  - GoogleSignIn (7.0.0):
    - AppAuth (~> 1.5)
    - GTMAppAuth (< 3.0, >= 1.3)
    - GTMSessionFetcher/Core (< 4.0, >= 1.1)
  - GTMAppAuth (2.0.0):
    - AppAuth/Core (~> 1.6)
    - GTMSessionFetcher/Core (< 4.0, >= 1.5)
  - GTMSessionFetcher/Core (3.1.1)
  - HTBaseModule (0.0.6):
    - MoExtension
    - ReactiveObjC
    - SDWebImage
    - YYModel
  - HTNetworkModule (0.0.3):
    - AFNetworking
    - HTBaseModule
  - Masonry (1.1.0)
  - MJRefresh (3.7.5)
  - MoExtension (0.0.7)
  - ReactiveObjC (3.1.1)
  - SDWebImage (5.17.0):
    - SDWebImage/Core (= 5.17.0)
  - SDWebImage/Core (5.17.0)
  - SVProgressHUD (2.2.5)
  - YYModel (1.0.4)

DEPENDENCIES:
  - FBSDKLoginKit
  - GoogleSignIn
  - HTBaseModule
  - HTNetworkModule
  - Masonry
  - MJRefresh
  - SDWebImage
  - SVProgressHUD

SPEC REPOS:
  https://github.com/CocoaPods/Specs.git:
    - AFNetworking
    - AppAuth
    - FBAEMKit
    - FBSDKCoreKit
    - FBSDKCoreKit_Basics
    - FBSDKLoginKit
    - GoogleSignIn
    - GTMAppAuth
    - GTMSessionFetcher
    - HTBaseModule
    - HTNetworkModule
    - Masonry
    - MJRefresh
    - MoExtension
    - ReactiveObjC
    - SDWebImage
    - SVProgressHUD
    - YYModel

SPEC CHECKSUMS:
  AFNetworking: 3bd23d814e976cd148d7d44c3ab78017b744cd58
  AppAuth: 3bb1d1cd9340bd09f5ed189fb00b1cc28e1e8570
  FBAEMKit: af2972f39bb0f3f7c45998f435b007833c32ffb2
  FBSDKCoreKit: 19e2e18b3be578d7a51fed8fdd8c152bef0b9511
  FBSDKCoreKit_Basics: dd9826ce3c9fd9f8cdf8dbbd0ef0a53e6c0c9e7e
  FBSDKLoginKit: c395c63a1a6cf4a8a1e6103fd94b8c46329ee81c
  GoogleSignIn: b232380cf495a429b8095d3178a8d5855b42e842
  GTMAppAuth: 99fb010047ba3973b7026e45393f51f27ab965ae
  GTMSessionFetcher: e8647203b65cee28c5f73d0f473d096653945e72
  HTBaseModule: e22394f2f1bd3a7c6b44d565460490581f740882
  HTNetworkModule: 723a35d818079702875f2ae324d0c90f6701b293
  Masonry: 678fab65091a9290e40e2832a55e7ab731aad201
  MJRefresh: fdf5e979eb406a0341468932d1dfc8b7f9fce961
  MoExtension: 20adb7e14fea2daed36105b8b901cea7dc5153ae
  ReactiveObjC: 011caa393aa0383245f2dcf9bf02e86b80b36040
  SDWebImage: 750adf017a315a280c60fde706ab1e552a3ae4e9
  SVProgressHUD: 1428aafac632c1f86f62aa4243ec12008d7a51d6
  YYModel: 2a7fdd96aaa4b86a824e26d0c517de8928c04b30

PODFILE CHECKSUM: 3e9cbc1c1653368f813a12ad15c1154052308a0f

COCOAPODS: 1.12.0
